
Microsoft Visual Studio Solution File, Format Version 12.00
# Visual Studio Version 17
VisualStudioVersion = 17.0.31903.59
MinimumVisualStudioVersion = 10.0.40219.1
Project("{2150E333-8FDC-42A3-9474-1A3956D46DE8}") = "Doc", "Doc", "{56341D9E-EBCE-40D2-A7D3-F33D05DA9A0D}"
EndProject
Project("{2150E333-8FDC-42A3-9474-1A3956D46DE8}") = "Src", "Src", "{DB247B40-0F88-4214-BF75-C377AA6166AF}"
EndProject
Project("{2150E333-8FDC-42A3-9474-1A3956D46DE8}") = "Tests", "Tests", "{AD44D9C0-2712-4A18-A686-8825643BA5C3}"
EndProject
Project("{2150E333-8FDC-42A3-9474-1A3956D46DE8}") = "Solution Items", "Solution Items", "{F9A1375B-F1FB-424E-A5CC-CC8C1A17BEE5}"
EndProject
Project("{2150E333-8FDC-42A3-9474-1A3956D46DE8}") = "Core", "Core", "{CF0C87FE-1A10-4858-8928-E6200167707B}"
EndProject
Project("{9A19103F-16F7-4668-BE54-9A1E7A4F7556}") = "Hi_Shop.Domain", "Hi_Shop.Domain\Hi_Shop.Domain.csproj", "{5AB9DFF9-E6A2-4F4C-94D2-032BFC67CB2D}"
EndProject
Project("{9A19103F-16F7-4668-BE54-9A1E7A4F7556}") = "Hi_Shop.Application", "Hi_Shop.Application\Hi_Shop.Application.csproj", "{B948A4CF-63C3-4E92-950F-927170CA45BC}"
EndProject
Project("{2150E333-8FDC-42A3-9474-1A3956D46DE8}") = "Presentation", "Presentation", "{877D9787-8C96-4180-8493-D2162D663CD6}"
EndProject
Project("{2150E333-8FDC-42A3-9474-1A3956D46DE8}") = "Infrastructures", "Infrastructures", "{32098CAB-02AE-40AA-89C0-252F5977A441}"
EndProject
Project("{9A19103F-16F7-4668-BE54-9A1E7A4F7556}") = "Hi_Shop.Persistence", "Hi_Shop.Persistence\Hi_Shop.Persistence.csproj", "{E184645D-A252-4F84-AB4B-90214198483D}"
EndProject
Project("{9A19103F-16F7-4668-BE54-9A1E7A4F7556}") = "Hi_Shop.Infrastructure", "Hi_Shop.Infrastructure\Hi_Shop.Infrastructure.csproj", "{BB491FCC-F8BD-4502-906E-124FA12A527C}"
EndProject
Project("{9A19103F-16F7-4668-BE54-9A1E7A4F7556}") = "Hi_Shop.EndPoint", "Hi_Shop.EndPoint\Hi_Shop.EndPoint.csproj", "{3C5D37D3-405E-43C5-A0F4-381A5EE825DD}"
EndProject
Project("{9A19103F-16F7-4668-BE54-9A1E7A4F7556}") = "Admin.EndPoint", "Admin.EndPoint\Admin.EndPoint.csproj", "{1877A6FD-DD80-4D5A-9B2F-1FAB609724FB}"
EndProject
Project("{2150E333-8FDC-42A3-9474-1A3956D46DE8}") = "Commons", "Commons", "{D076B971-6FEB-4EDE-9D7D-AAC547AF58DC}"
EndProject
Project("{9A19103F-16F7-4668-BE54-9A1E7A4F7556}") = "Hi_Shop.Common", "Hi_Shop.Common\Hi_Shop.Common.csproj", "{910595D7-4C16-4F0D-9F21-48CD281FA896}"
EndProject
Project("{9A19103F-16F7-4668-BE54-9A1E7A4F7556}") = "StaticFile.EndPoint", "StaticFile.EndPoint\StaticFile.EndPoint.csproj", "{3E52FB51-CB86-4AC2-A2C8-D7AA91D17E48}"
EndProject
Global
	GlobalSection(SolutionConfigurationPlatforms) = preSolution
		Debug|Any CPU = Debug|Any CPU
		Release|Any CPU = Release|Any CPU
	EndGlobalSection
	GlobalSection(ProjectConfigurationPlatforms) = postSolution
		{5AB9DFF9-E6A2-4F4C-94D2-032BFC67CB2D}.Debug|Any CPU.ActiveCfg = Debug|Any CPU
		{5AB9DFF9-E6A2-4F4C-94D2-032BFC67CB2D}.Debug|Any CPU.Build.0 = Debug|Any CPU
		{5AB9DFF9-E6A2-4F4C-94D2-032BFC67CB2D}.Release|Any CPU.ActiveCfg = Release|Any CPU
		{5AB9DFF9-E6A2-4F4C-94D2-032BFC67CB2D}.Release|Any CPU.Build.0 = Release|Any CPU
		{B948A4CF-63C3-4E92-950F-927170CA45BC}.Debug|Any CPU.ActiveCfg = Debug|Any CPU
		{B948A4CF-63C3-4E92-950F-927170CA45BC}.Debug|Any CPU.Build.0 = Debug|Any CPU
		{B948A4CF-63C3-4E92-950F-927170CA45BC}.Release|Any CPU.ActiveCfg = Release|Any CPU
		{B948A4CF-63C3-4E92-950F-927170CA45BC}.Release|Any CPU.Build.0 = Release|Any CPU
		{E184645D-A252-4F84-AB4B-90214198483D}.Debug|Any CPU.ActiveCfg = Debug|Any CPU
		{E184645D-A252-4F84-AB4B-90214198483D}.Debug|Any CPU.Build.0 = Debug|Any CPU
		{E184645D-A252-4F84-AB4B-90214198483D}.Release|Any CPU.ActiveCfg = Release|Any CPU
		{E184645D-A252-4F84-AB4B-90214198483D}.Release|Any CPU.Build.0 = Release|Any CPU
		{BB491FCC-F8BD-4502-906E-124FA12A527C}.Debug|Any CPU.ActiveCfg = Debug|Any CPU
		{BB491FCC-F8BD-4502-906E-124FA12A527C}.Debug|Any CPU.Build.0 = Debug|Any CPU
		{BB491FCC-F8BD-4502-906E-124FA12A527C}.Release|Any CPU.ActiveCfg = Release|Any CPU
		{BB491FCC-F8BD-4502-906E-124FA12A527C}.Release|Any CPU.Build.0 = Release|Any CPU
		{3C5D37D3-405E-43C5-A0F4-381A5EE825DD}.Debug|Any CPU.ActiveCfg = Debug|Any CPU
		{3C5D37D3-405E-43C5-A0F4-381A5EE825DD}.Debug|Any CPU.Build.0 = Debug|Any CPU
		{3C5D37D3-405E-43C5-A0F4-381A5EE825DD}.Release|Any CPU.ActiveCfg = Release|Any CPU
		{3C5D37D3-405E-43C5-A0F4-381A5EE825DD}.Release|Any CPU.Build.0 = Release|Any CPU
		{1877A6FD-DD80-4D5A-9B2F-1FAB609724FB}.Debug|Any CPU.ActiveCfg = Debug|Any CPU
		{1877A6FD-DD80-4D5A-9B2F-1FAB609724FB}.Debug|Any CPU.Build.0 = Debug|Any CPU
		{1877A6FD-DD80-4D5A-9B2F-1FAB609724FB}.Release|Any CPU.ActiveCfg = Release|Any CPU
		{1877A6FD-DD80-4D5A-9B2F-1FAB609724FB}.Release|Any CPU.Build.0 = Release|Any CPU
		{910595D7-4C16-4F0D-9F21-48CD281FA896}.Debug|Any CPU.ActiveCfg = Debug|Any CPU
		{910595D7-4C16-4F0D-9F21-48CD281FA896}.Debug|Any CPU.Build.0 = Debug|Any CPU
		{910595D7-4C16-4F0D-9F21-48CD281FA896}.Release|Any CPU.ActiveCfg = Release|Any CPU
		{910595D7-4C16-4F0D-9F21-48CD281FA896}.Release|Any CPU.Build.0 = Release|Any CPU
		{3E52FB51-CB86-4AC2-A2C8-D7AA91D17E48}.Debug|Any CPU.ActiveCfg = Debug|Any CPU
		{3E52FB51-CB86-4AC2-A2C8-D7AA91D17E48}.Debug|Any CPU.Build.0 = Debug|Any CPU
		{3E52FB51-CB86-4AC2-A2C8-D7AA91D17E48}.Release|Any CPU.ActiveCfg = Release|Any CPU
		{3E52FB51-CB86-4AC2-A2C8-D7AA91D17E48}.Release|Any CPU.Build.0 = Release|Any CPU
	EndGlobalSection
	GlobalSection(SolutionProperties) = preSolution
		HideSolutionNode = FALSE
	EndGlobalSection
	GlobalSection(NestedProjects) = preSolution
		{CF0C87FE-1A10-4858-8928-E6200167707B} = {DB247B40-0F88-4214-BF75-C377AA6166AF}
		{5AB9DFF9-E6A2-4F4C-94D2-032BFC67CB2D} = {CF0C87FE-1A10-4858-8928-E6200167707B}
		{B948A4CF-63C3-4E92-950F-927170CA45BC} = {CF0C87FE-1A10-4858-8928-E6200167707B}
		{877D9787-8C96-4180-8493-D2162D663CD6} = {DB247B40-0F88-4214-BF75-C377AA6166AF}
		{32098CAB-02AE-40AA-89C0-252F5977A441} = {DB247B40-0F88-4214-BF75-C377AA6166AF}
		{E184645D-A252-4F84-AB4B-90214198483D} = {32098CAB-02AE-40AA-89C0-252F5977A441}
		{BB491FCC-F8BD-4502-906E-124FA12A527C} = {32098CAB-02AE-40AA-89C0-252F5977A441}
		{3C5D37D3-405E-43C5-A0F4-381A5EE825DD} = {877D9787-8C96-4180-8493-D2162D663CD6}
		{1877A6FD-DD80-4D5A-9B2F-1FAB609724FB} = {877D9787-8C96-4180-8493-D2162D663CD6}
		{D076B971-6FEB-4EDE-9D7D-AAC547AF58DC} = {DB247B40-0F88-4214-BF75-C377AA6166AF}
		{910595D7-4C16-4F0D-9F21-48CD281FA896} = {D076B971-6FEB-4EDE-9D7D-AAC547AF58DC}
		{3E52FB51-CB86-4AC2-A2C8-D7AA91D17E48} = {877D9787-8C96-4180-8493-D2162D663CD6}
	EndGlobalSection
	GlobalSection(ExtensibilityGlobals) = postSolution
		SolutionGuid = {A5FF4F73-8BE3-4ED2-A1E9-939AC4F10EDB}
	EndGlobalSection
EndGlobal
